<?xml version="1.0" encoding="utf-8"?>
<Project ToolsVersion="4.0" xmlns="http://schemas.microsoft.com/developer/msbuild/2003">
  <ItemGroup>
    <Filter Include="Header Files\FSM">
      <UniqueIdentifier>{d7dccce5-0aed-423f-a914-9054c4a66ba2}</UniqueIdentifier>
    </Filter>
    <Filter Include="Header Files\Needs">
      <UniqueIdentifier>{42f2b21b-0b0d-471a-a4ed-4fe5598a9e6c}</UniqueIdentifier>
    </Filter>
    <Filter Include="Header Files\PawnAI">
      <UniqueIdentifier>{022632b5-a108-4660-b6fc-0075e72d26f9}</UniqueIdentifier>
    </Filter>
    <Filter Include="Header Files\Providers">
      <UniqueIdentifier>{354a120e-9464-4f2f-82d9-a198af46edf5}</UniqueIdentifier>
    </Filter>
    <Filter Include="Source Files\FSM">
      <UniqueIdentifier>{0a65cbe3-e8be-4a8a-8772-4a1e80096e19}</UniqueIdentifier>
    </Filter>
    <Filter Include="Source Files\Needs">
      <UniqueIdentifier>{f2ffa3fc-271f-4b1d-8834-55ac349b863d}</UniqueIdentifier>
    </Filter>
    <Filter Include="Source Files\PawnAI">
      <UniqueIdentifier>{7f2d77e3-96a3-4874-b13e-21a7e9356107}</UniqueIdentifier>
    </Filter>
    <Filter Include="Source Files\Providers">
      <UniqueIdentifier>{885e0d43-2263-4b1b-89b2-e9a8be4738d0}</UniqueIdentifier>
    </Filter>
    <Filter Include="src">
      <UniqueIdentifier>{78b260fe-186d-45f3-9b00-6f628cb906d3}</UniqueIdentifier>
    </Filter>
    <Filter Include="src\Map">
      <UniqueIdentifier>{78e3e660-e70c-4bea-a8d1-2b1fe7a2d6c4}</UniqueIdentifier>
    </Filter>
    <Filter Include="src\Agents">
      <UniqueIdentifier>{b67b42b4-0a9b-43fc-94c6-1c999e7a6acb}</UniqueIdentifier>
    </Filter>
    <Filter Include="src\Pathfinding">
      <UniqueIdentifier>{0c9dd4fc-a59d-4da1-bb61-e9f09fe25feb}</UniqueIdentifier>
    </Filter>
    <Filter Include="src\UI">
      <UniqueIdentifier>{b5c1f112-64e4-4151-b51d-f6d5d96f2d84}</UniqueIdentifier>
    </Filter>
    <Filter Include="src\ecs">
      <UniqueIdentifier>{c7c05e8f-30a4-4994-baa7-373f365f6419}</UniqueIdentifier>
    </Filter>
    <Filter Include="src\ecs\system">
      <UniqueIdentifier>{81401f6f-33e1-4780-953b-e94215e04bb7}</UniqueIdentifier>
    </Filter>
    <Filter Include="src\Needs">
      <UniqueIdentifier>{54faf8c0-e0fa-48d6-adcb-fdf8046cfb95}</UniqueIdentifier>
    </Filter>
    <Filter Include="src\Providers">
      <UniqueIdentifier>{e2a502e5-a6d3-46fb-a938-27aac3e9bc1d}</UniqueIdentifier>
    </Filter>
    <Filter Include="src\PawnAI">
      <UniqueIdentifier>{994230a9-bbec-43c9-8566-a7f9bfda9da2}</UniqueIdentifier>
    </Filter>
    <Filter Include="src\FSM">
      <UniqueIdentifier>{edce8351-fcc9-4905-bdf9-496a733f222d}</UniqueIdentifier>
    </Filter>
    <Filter Include="include">
      <UniqueIdentifier>{ca70e03c-af25-4bac-9f9b-9bc64da930a2}</UniqueIdentifier>
    </Filter>
    <Filter Include="include\Map">
      <UniqueIdentifier>{36e2583e-b3b0-401b-8267-5a4174a7dc09}</UniqueIdentifier>
    </Filter>
    <Filter Include="include\Agents">
      <UniqueIdentifier>{7f80bbfe-1a25-4a02-96ff-44f4c882615e}</UniqueIdentifier>
    </Filter>
    <Filter Include="include\Pathfinding">
      <UniqueIdentifier>{e2ae11cc-f88d-48e1-b476-ac525c903c34}</UniqueIdentifier>
    </Filter>
    <Filter Include="include\UI">
      <UniqueIdentifier>{700a9819-dbe3-4cd9-9c12-ed7d4ac7d0b6}</UniqueIdentifier>
    </Filter>
    <Filter Include="include\ecs">
      <UniqueIdentifier>{448096d0-e797-4af5-920f-27e2919dce6f}</UniqueIdentifier>
    </Filter>
    <Filter Include="include\ecs\components">
      <UniqueIdentifier>{3ebbd807-bbb7-4d55-a4cf-4b8f91fb4106}</UniqueIdentifier>
    </Filter>
    <Filter Include="include\ecs\system">
      <UniqueIdentifier>{8a6dcc2d-d218-40d9-a3a8-cbc4461fc94c}</UniqueIdentifier>
    </Filter>
    <Filter Include="deps">
      <UniqueIdentifier>{a0a98bc3-b364-4017-9287-f9970e069a22}</UniqueIdentifier>
    </Filter>
    <Filter Include="deps\src">
      <UniqueIdentifier>{39c169be-5416-48a3-8670-1a31fa58a1e8}</UniqueIdentifier>
    </Filter>
    <Filter Include="deps\src\deps">
      <UniqueIdentifier>{5703f6be-31cc-459f-8ee6-a6a0ba740bd3}</UniqueIdentifier>
    </Filter>
    <Filter Include="deps\src\deps\glfw3_2_1">
      <UniqueIdentifier>{fc1c2f7f-2460-4aeb-953d-4defab1e2289}</UniqueIdentifier>
    </Filter>
    <Filter Include="deps\src\deps\glfw3_2_1\include">
      <UniqueIdentifier>{d8d2b94b-f5b2-4cbc-a191-d61a67eb36b8}</UniqueIdentifier>
    </Filter>
    <Filter Include="deps\src\deps\glfw3_2_1\include\GLFW">
      <UniqueIdentifier>{c7691bd7-eb46-4949-9979-5f271fa66d8c}</UniqueIdentifier>
    </Filter>
    <Filter Include="deps\src\deps\glfw3_2_1\src">
      <UniqueIdentifier>{8bf32206-adc7-4aa2-b8f8-9dc417a607ed}</UniqueIdentifier>
    </Filter>
    <Filter Include="deps\src\deps\glew2_0_0">
      <UniqueIdentifier>{ae62fd49-8547-47a6-8bf7-32441e22245f}</UniqueIdentifier>
    </Filter>
    <Filter Include="deps\src\deps\glew2_0_0\include">
      <UniqueIdentifier>{aeac3403-9e60-496a-8434-cd590f2b7122}</UniqueIdentifier>
    </Filter>
    <Filter Include="deps\src\deps\glew2_0_0\include\GL">
      <UniqueIdentifier>{7f30a5f9-9b79-4592-986e-71b872529a78}</UniqueIdentifier>
    </Filter>
    <Filter Include="deps\src\deps\chipmunk-7.0.1">
      <UniqueIdentifier>{7a8c51f2-6a92-49be-906c-8e130d933385}</UniqueIdentifier>
    </Filter>
    <Filter Include="deps\src\deps\chipmunk-7.0.1\include">
      <UniqueIdentifier>{79ad9b59-51e7-469a-9939-3cb4119a3f45}</UniqueIdentifier>
    </Filter>
    <Filter Include="deps\src\deps\chipmunk-7.0.1\include\chipmunk">
      <UniqueIdentifier>{29630a43-e6eb-4911-95ed-7dac79609908}</UniqueIdentifier>
    </Filter>
    <Filter Include="deps\src\deps\chipmunk-7.0.1\src">
      <UniqueIdentifier>{7216b766-34c8-4fb6-b638-429ead4a4c78}</UniqueIdentifier>
    </Filter>
    <Filter Include="deps\src\deps\SOIL">
      <UniqueIdentifier>{66f7e3cd-a56c-4cae-ad09-07a500b5ee85}</UniqueIdentifier>
    </Filter>
    <Filter Include="deps\src\deps\SOIL\src">
      <UniqueIdentifier>{be725473-ba68-47ee-a311-05a1f938ef61}</UniqueIdentifier>
    </Filter>
    <Filter Include="deps\src\deps\sqlite3">
      <UniqueIdentifier>{68805254-4f7b-421b-b0b1-1060b7acea29}</UniqueIdentifier>
    </Filter>
    <Filter Include="deps\include">
      <UniqueIdentifier>{22e0609f-559a-4cec-8d49-287457fe9b17}</UniqueIdentifier>
    </Filter>
    <Filter Include="deps\include\MOMOS">
      <UniqueIdentifier>{913712cf-d38c-474f-a563-69a8e9a3878d}</UniqueIdentifier>
    </Filter>
    <Filter Include="deps\include\fontstash">
      <UniqueIdentifier>{c9b1ba65-111e-498d-9587-e69d976b2e7c}</UniqueIdentifier>
    </Filter>
    <Filter Include="data">
      <UniqueIdentifier>{524da02e-760f-4767-86be-1e0ca4f91235}</UniqueIdentifier>
    </Filter>
    <Filter Include="tests">
      <UniqueIdentifier>{c490b151-19c0-4422-9eea-4ce09690c6f0}</UniqueIdentifier>
    </Filter>
  </ItemGroup>
  <ItemGroup>
    <ClInclude Include="include\Needs\NeedsController.h">
      <Filter>Header Files</Filter>
    </ClInclude>
    <ClInclude Include="include\FSM\PawnFSM.h">
      <Filter>Header Files\FSM</Filter>
    </ClInclude>
    <ClInclude Include="include\Needs\INeed.h">
      <Filter>Header Files\Needs</Filter>
    </ClInclude>
    <ClInclude Include="include\Needs\Need.h">
      <Filter>Header Files\Needs</Filter>
    </ClInclude>
    <ClInclude Include="include\Needs\NeedId.h">
      <Filter>Header Files\Needs</Filter>
    </ClInclude>
    <ClInclude Include="include\Needs\NeedsConfig.h">
      <Filter>Header Files\Needs</Filter>
    </ClInclude>
    <ClInclude Include="include\PawnAI\PawnAI.h">
      <Filter>Header Files\PawnAI</Filter>
    </ClInclude>
    <ClInclude Include="include\Providers\INeedProvider.h">
      <Filter>Header Files\Providers</Filter>
    </ClInclude>
    <ClInclude Include="include\Providers\MapResourceProvider.h">
      <Filter>Header Files\Providers</Filter>
    </ClInclude>
    <ClInclude Include="include\Providers\ProviderRegistry.h">
      <Filter>Header Files\Providers</Filter>
    </ClInclude>
    <ClInclude Include="include\Providers\ResourceNeedMapping.h">
      <Filter>Header Files\Providers</Filter>
    </ClInclude>
    <ClInclude Include="include\Providers\ResourceProviderRegistry.h">
      <Filter>Header Files\Providers</Filter>
    </ClInclude>
    <ClInclude Include="include\config.h">
      <Filter>include</Filter>
    </ClInclude>
    <ClInclude Include="include\Camera.h">
      <Filter>include</Filter>
    </ClInclude>
    <ClInclude Include="include\GameStatus.h">
      <Filter>include</Filter>
    </ClInclude>
    <ClInclude Include="include\SpritesheetLoader.h">
      <Filter>include</Filter>
    </ClInclude>
    <ClInclude Include="include\Map\ResourceTypeManager.h">
      <Filter>include\Map</Filter>
    </ClInclude>
    <ClInclude Include="include\Map\Map.h">
      <Filter>include\Map</Filter>
    </ClInclude>
    <ClInclude Include="include\Map\MapCell.h">
      <Filter>include\Map</Filter>
    </ClInclude>
    <ClInclude Include="include\Map\MapGenerator.h">
      <Filter>include\Map</Filter>
    </ClInclude>
    <ClInclude Include="include\Map\MapRenderer.h">
      <Filter>include\Map</Filter>
    </ClInclude>
    <ClInclude Include="include\Map\MapResourceType.h">
      <Filter>include\Map</Filter>
    </ClInclude>
    <ClInclude Include="include\Map\MapResource.h">
      <Filter>include\Map</Filter>
    </ClInclude>
    <ClInclude Include="include\Agents\Agent.h">
      <Filter>include\Agents</Filter>
    </ClInclude>
    <ClInclude Include="include\Agents\Pathfinder.h">
      <Filter>include\Agents</Filter>
    </ClInclude>
    <ClInclude Include="include\Pathfinding\astar.h">
      <Filter>include\Pathfinding</Filter>
    </ClInclude>
    <ClInclude Include="include\Pathfinding\cost_map.h">
      <Filter>include\Pathfinding</Filter>
    </ClInclude>
    <ClInclude Include="include\Pathfinding\path.h">
      <Filter>include\Pathfinding</Filter>
    </ClInclude>
    <ClInclude Include="include\UI\FpsCounter.h">
      <Filter>include\UI</Filter>
    </ClInclude>
    <ClInclude Include="include\UI\SimulationSpeedControls.h">
      <Filter>include\UI</Filter>
    </ClInclude>
    <ClInclude Include="include\UI\VSyncToggle.h">
      <Filter>include\UI</Filter>
    </ClInclude>
    <ClInclude Include="include\UI\InfoPanel.h">
      <Filter>include\UI</Filter>
    </ClInclude>
    <ClInclude Include="include\ecs\PawnEcsManager.h">
      <Filter>include\ecs</Filter>
    </ClInclude>
    <ClInclude Include="include\ecs\ComponentPool.h">
      <Filter>include\ecs</Filter>
    </ClInclude>
    <ClInclude Include="include\ecs\Entity.h">
      <Filter>include\ecs</Filter>
    </ClInclude>
    <ClInclude Include="include\ecs\PawnEcs.h">
      <Filter>include\ecs</Filter>
    </ClInclude>
    <ClInclude Include="include\ecs\PawnMovementUtils.h">
      <Filter>include\ecs</Filter>
    </ClInclude>
    <ClInclude Include="include\ecs\Registry.h">
      <Filter>include\ecs</Filter>
    </ClInclude>
    <ClInclude Include="include\ecs\System.h">
      <Filter>include\ecs</Filter>
    </ClInclude>
    <ClInclude Include="include\ecs\PawnInput.h">
      <Filter>include\ecs</Filter>
    </ClInclude>
    <ClInclude Include="include\ecs\PawnEcsSystems.h">
      <Filter>include\ecs</Filter>
    </ClInclude>
    <ClInclude Include="include\ecs\PawnFactory.h">
      <Filter>include\ecs</Filter>
    </ClInclude>
    <ClInclude Include="include\ecs\PawnSelection.h">
      <Filter>include\ecs</Filter>
    </ClInclude>
    <ClInclude Include="include\ecs\components\MovementComponent.h">
      <Filter>include\ecs\components</Filter>
    </ClInclude>
    <ClInclude Include="include\ecs\components\PawnComponents.h">
      <Filter>include\ecs\components</Filter>
    </ClInclude>
    <ClInclude Include="include\ecs\components\PawnStateComponent.h">
      <Filter>include\ecs\components</Filter>
    </ClInclude>
    <ClInclude Include="include\ecs\components\SpriteComponent.h">
      <Filter>include\ecs\components</Filter>
    </ClInclude>
    <ClInclude Include="include\ecs\components\TransformComponent.h">
      <Filter>include\ecs\components</Filter>
    </ClInclude>
    <ClInclude Include="include\ecs\components\NeedsComponent.h">
      <Filter>include\ecs\components</Filter>
    </ClInclude>
    <ClInclude Include="include\ecs\components\NeedsControllerComponent.h">
      <Filter>include\ecs\components</Filter>
    </ClInclude>
    <ClInclude Include="include\ecs\components\NeedSatisfactionComponent.h">
      <Filter>include\ecs\components</Filter>
    </ClInclude>
    <ClInclude Include="include\ecs\system\PawnAISystem.h">
      <Filter>include\ecs\system</Filter>
    </ClInclude>
    <ClInclude Include="include\ecs\system\PawnPathFollowSystem.h">
      <Filter>include\ecs\system</Filter>
    </ClInclude>
    <ClInclude Include="include\ecs\system\PawnMovementSystem.h">
      <Filter>include\ecs\system</Filter>
    </ClInclude>
    <ClInclude Include="include\ecs\system\PawnRenderSystem.h">
      <Filter>include\ecs\system</Filter>
    </ClInclude>
    <ClInclude Include="include\ecs\system\PawnNeedsSystem.h">
      <Filter>include\ecs\system</Filter>
    </ClInclude>
    <ClInclude Include="include\ecs\system\PawnNeedSatisfactionSystem.h">
      <Filter>include\ecs\system</Filter>
    </ClInclude>
    <ClInclude Include="deps\src\deps\glfw3_2_1\include\GLFW\glfw3.h">
      <Filter>deps\src\deps\glfw3_2_1\include\GLFW</Filter>
    </ClInclude>
    <ClInclude Include="deps\src\deps\glfw3_2_1\include\GLFW\glfw3native.h">
      <Filter>deps\src\deps\glfw3_2_1\include\GLFW</Filter>
    </ClInclude>
    <ClInclude Include="deps\src\deps\glfw3_2_1\src\cocoa_joystick.h">
      <Filter>deps\src\deps\glfw3_2_1\src</Filter>
    </ClInclude>
    <ClInclude Include="deps\src\deps\glfw3_2_1\src\cocoa_platform.h">
      <Filter>deps\src\deps\glfw3_2_1\src</Filter>
    </ClInclude>
    <ClInclude Include="deps\src\deps\glfw3_2_1\src\egl_context.h">
      <Filter>deps\src\deps\glfw3_2_1\src</Filter>
    </ClInclude>
    <ClInclude Include="deps\src\deps\glfw3_2_1\src\glx_context.h">
      <Filter>deps\src\deps\glfw3_2_1\src</Filter>
    </ClInclude>
    <ClInclude Include="deps\src\deps\glfw3_2_1\src\internal.h">
      <Filter>deps\src\deps\glfw3_2_1\src</Filter>
    </ClInclude>
    <ClInclude Include="deps\src\deps\glfw3_2_1\src\linux_joystick.h">
      <Filter>deps\src\deps\glfw3_2_1\src</Filter>
    </ClInclude>
    <ClInclude Include="deps\src\deps\glfw3_2_1\src\mir_platform.h">
      <Filter>deps\src\deps\glfw3_2_1\src</Filter>
    </ClInclude>
    <ClInclude Include="deps\src\deps\glfw3_2_1\src\nsgl_context.h">
      <Filter>deps\src\deps\glfw3_2_1\src</Filter>
    </ClInclude>
    <ClInclude Include="deps\src\deps\glfw3_2_1\src\posix_time.h">
      <Filter>deps\src\deps\glfw3_2_1\src</Filter>
    </ClInclude>
    <ClInclude Include="deps\src\deps\glfw3_2_1\src\posix_tls.h">
      <Filter>deps\src\deps\glfw3_2_1\src</Filter>
    </ClInclude>
    <ClInclude Include="deps\src\deps\glfw3_2_1\src\wgl_context.h">
      <Filter>deps\src\deps\glfw3_2_1\src</Filter>
    </ClInclude>
    <ClInclude Include="deps\src\deps\glfw3_2_1\src\win32_joystick.h">
      <Filter>deps\src\deps\glfw3_2_1\src</Filter>
    </ClInclude>
    <ClInclude Include="deps\src\deps\glfw3_2_1\src\win32_platform.h">
      <Filter>deps\src\deps\glfw3_2_1\src</Filter>
    </ClInclude>
    <ClInclude Include="deps\src\deps\glfw3_2_1\src\wl_platform.h">
      <Filter>deps\src\deps\glfw3_2_1\src</Filter>
    </ClInclude>
    <ClInclude Include="deps\src\deps\glfw3_2_1\src\x11_platform.h">
      <Filter>deps\src\deps\glfw3_2_1\src</Filter>
    </ClInclude>
    <ClInclude Include="deps\src\deps\glfw3_2_1\src\xkb_unicode.h">
      <Filter>deps\src\deps\glfw3_2_1\src</Filter>
    </ClInclude>
    <ClInclude Include="deps\src\deps\glew2_0_0\include\GL\eglew.h">
      <Filter>deps\src\deps\glew2_0_0\include\GL</Filter>
    </ClInclude>
    <ClInclude Include="deps\src\deps\glew2_0_0\include\GL\glew.h">
      <Filter>deps\src\deps\glew2_0_0\include\GL</Filter>
    </ClInclude>
    <ClInclude Include="deps\src\deps\glew2_0_0\include\GL\glxew.h">
      <Filter>deps\src\deps\glew2_0_0\include\GL</Filter>
    </ClInclude>
    <ClInclude Include="deps\src\deps\glew2_0_0\include\GL\wglew.h">
      <Filter>deps\src\deps\glew2_0_0\include\GL</Filter>
    </ClInclude>
    <ClInclude Include="deps\src\deps\chipmunk-7.0.1\include\chipmunk\chipmunk.h">
      <Filter>deps\src\deps\chipmunk-7.0.1\include\chipmunk</Filter>
    </ClInclude>
    <ClInclude Include="deps\src\deps\chipmunk-7.0.1\include\chipmunk\chipmunk_ffi.h">
      <Filter>deps\src\deps\chipmunk-7.0.1\include\chipmunk</Filter>
    </ClInclude>
    <ClInclude Include="deps\src\deps\chipmunk-7.0.1\include\chipmunk\chipmunk_private.h">
      <Filter>deps\src\deps\chipmunk-7.0.1\include\chipmunk</Filter>
    </ClInclude>
    <ClInclude Include="deps\src\deps\chipmunk-7.0.1\include\chipmunk\chipmunk_types.h">
      <Filter>deps\src\deps\chipmunk-7.0.1\include\chipmunk</Filter>
    </ClInclude>
    <ClInclude Include="deps\src\deps\chipmunk-7.0.1\include\chipmunk\chipmunk_unsafe.h">
      <Filter>deps\src\deps\chipmunk-7.0.1\include\chipmunk</Filter>
    </ClInclude>
    <ClInclude Include="deps\src\deps\chipmunk-7.0.1\include\chipmunk\cpArbiter.h">
      <Filter>deps\src\deps\chipmunk-7.0.1\include\chipmunk</Filter>
    </ClInclude>
    <ClInclude Include="deps\src\deps\chipmunk-7.0.1\include\chipmunk\cpBB.h">
      <Filter>deps\src\deps\chipmunk-7.0.1\include\chipmunk</Filter>
    </ClInclude>
    <ClInclude Include="deps\src\deps\chipmunk-7.0.1\include\chipmunk\cpBody.h">
      <Filter>deps\src\deps\chipmunk-7.0.1\include\chipmunk</Filter>
    </ClInclude>
    <ClInclude Include="deps\src\deps\chipmunk-7.0.1\include\chipmunk\cpConstraint.h">
      <Filter>deps\src\deps\chipmunk-7.0.1\include\chipmunk</Filter>
    </ClInclude>
    <ClInclude Include="deps\src\deps\chipmunk-7.0.1\include\chipmunk\cpDampedRotarySpring.h">
      <Filter>deps\src\deps\chipmunk-7.0.1\include\chipmunk</Filter>
    </ClInclude>
    <ClInclude Include="deps\src\deps\chipmunk-7.0.1\include\chipmunk\cpDampedSpring.h">
      <Filter>deps\src\deps\chipmunk-7.0.1\include\chipmunk</Filter>
    </ClInclude>
    <ClInclude Include="deps\src\deps\chipmunk-7.0.1\include\chipmunk\cpGearJoint.h">
      <Filter>deps\src\deps\chipmunk-7.0.1\include\chipmunk</Filter>
    </ClInclude>
    <ClInclude Include="deps\src\deps\chipmunk-7.0.1\include\chipmunk\cpGrooveJoint.h">
      <Filter>deps\src\deps\chipmunk-7.0.1\include\chipmunk</Filter>
    </ClInclude>
    <ClInclude Include="deps\src\deps\chipmunk-7.0.1\include\chipmunk\cpHastySpace.h">
      <Filter>deps\src\deps\chipmunk-7.0.1\include\chipmunk</Filter>
    </ClInclude>
    <ClInclude Include="deps\src\deps\chipmunk-7.0.1\include\chipmunk\cpMarch.h">
      <Filter>deps\src\deps\chipmunk-7.0.1\include\chipmunk</Filter>
    </ClInclude>
    <ClInclude Include="deps\src\deps\chipmunk-7.0.1\include\chipmunk\cpPinJoint.h">
      <Filter>deps\src\deps\chipmunk-7.0.1\include\chipmunk</Filter>
    </ClInclude>
    <ClInclude Include="deps\src\deps\chipmunk-7.0.1\include\chipmunk\cpPivotJoint.h">
      <Filter>deps\src\deps\chipmunk-7.0.1\include\chipmunk</Filter>
    </ClInclude>
    <ClInclude Include="deps\src\deps\chipmunk-7.0.1\include\chipmunk\cpPolyline.h">
      <Filter>deps\src\deps\chipmunk-7.0.1\include\chipmunk</Filter>
    </ClInclude>
    <ClInclude Include="deps\src\deps\chipmunk-7.0.1\include\chipmunk\cpPolyShape.h">
      <Filter>deps\src\deps\chipmunk-7.0.1\include\chipmunk</Filter>
    </ClInclude>
    <ClInclude Include="deps\src\deps\chipmunk-7.0.1\include\chipmunk\cpRatchetJoint.h">
      <Filter>deps\src\deps\chipmunk-7.0.1\include\chipmunk</Filter>
    </ClInclude>
    <ClInclude Include="deps\src\deps\chipmunk-7.0.1\include\chipmunk\cpRobust.h">
      <Filter>deps\src\deps\chipmunk-7.0.1\include\chipmunk</Filter>
    </ClInclude>
    <ClInclude Include="deps\src\deps\chipmunk-7.0.1\include\chipmunk\cpRotaryLimitJoint.h">
      <Filter>deps\src\deps\chipmunk-7.0.1\include\chipmunk</Filter>
    </ClInclude>
    <ClInclude Include="deps\src\deps\chipmunk-7.0.1\include\chipmunk\cpShape.h">
      <Filter>deps\src\deps\chipmunk-7.0.1\include\chipmunk</Filter>
    </ClInclude>
    <ClInclude Include="deps\src\deps\chipmunk-7.0.1\include\chipmunk\cpSimpleMotor.h">
      <Filter>deps\src\deps\chipmunk-7.0.1\include\chipmunk</Filter>
    </ClInclude>
    <ClInclude Include="deps\src\deps\chipmunk-7.0.1\include\chipmunk\cpSlideJoint.h">
      <Filter>deps\src\deps\chipmunk-7.0.1\include\chipmunk</Filter>
    </ClInclude>
    <ClInclude Include="deps\src\deps\chipmunk-7.0.1\include\chipmunk\cpSpace.h">
      <Filter>deps\src\deps\chipmunk-7.0.1\include\chipmunk</Filter>
    </ClInclude>
    <ClInclude Include="deps\src\deps\chipmunk-7.0.1\include\chipmunk\cpSpatialIndex.h">
      <Filter>deps\src\deps\chipmunk-7.0.1\include\chipmunk</Filter>
    </ClInclude>
    <ClInclude Include="deps\src\deps\chipmunk-7.0.1\include\chipmunk\cpTransform.h">
      <Filter>deps\src\deps\chipmunk-7.0.1\include\chipmunk</Filter>
    </ClInclude>
    <ClInclude Include="deps\src\deps\chipmunk-7.0.1\include\chipmunk\cpVect.h">
      <Filter>deps\src\deps\chipmunk-7.0.1\include\chipmunk</Filter>
    </ClInclude>
    <ClInclude Include="deps\src\deps\chipmunk-7.0.1\src\prime.h">
      <Filter>deps\src\deps\chipmunk-7.0.1\src</Filter>
    </ClInclude>
    <ClInclude Include="deps\src\deps\SOIL\src\image_DXT.h">
      <Filter>deps\src\deps\SOIL\src</Filter>
    </ClInclude>
    <ClInclude Include="deps\src\deps\SOIL\src\image_helper.h">
      <Filter>deps\src\deps\SOIL\src</Filter>
    </ClInclude>
    <ClInclude Include="deps\src\deps\SOIL\src\SOIL.h">
      <Filter>deps\src\deps\SOIL\src</Filter>
    </ClInclude>
    <ClInclude Include="deps\src\deps\SOIL\src\stbi_DDS_aug.h">
      <Filter>deps\src\deps\SOIL\src</Filter>
    </ClInclude>
    <ClInclude Include="deps\src\deps\SOIL\src\stbi_DDS_aug_c.h">
      <Filter>deps\src\deps\SOIL\src</Filter>
    </ClInclude>
    <ClInclude Include="deps\src\deps\SOIL\src\stb_image_aug.h">
      <Filter>deps\src\deps\SOIL\src</Filter>
    </ClInclude>
    <ClInclude Include="deps\src\deps\sqlite3\sqlite3.h">
      <Filter>deps\src\deps\sqlite3</Filter>
    </ClInclude>
    <ClInclude Include="deps\src\deps\sqlite3\sqlite3ext.h">
      <Filter>deps\src\deps\sqlite3</Filter>
    </ClInclude>
    <ClInclude Include="deps\include\referenced.h">
      <Filter>deps\include</Filter>
    </ClInclude>
    <ClInclude Include="deps\include\ref_ptr.h">
      <Filter>deps\include</Filter>
    </ClInclude>
    <ClInclude Include="deps\include\types.h">
      <Filter>deps\include</Filter>
    </ClInclude>
    <ClInclude Include="deps\include\Window.h">
      <Filter>deps\include</Filter>
    </ClInclude>
    <ClInclude Include="deps\include\MOMOS\draw.h">
      <Filter>deps\include\MOMOS</Filter>
    </ClInclude>
    <ClInclude Include="deps\include\MOMOS\input.h">
      <Filter>deps\include\MOMOS</Filter>
    </ClInclude>
    <ClInclude Include="deps\include\MOMOS\math.h">
      <Filter>deps\include\MOMOS</Filter>
    </ClInclude>
    <ClInclude Include="deps\include\MOMOS\momos.h">
      <Filter>deps\include\MOMOS</Filter>
    </ClInclude>
    <ClInclude Include="deps\include\MOMOS\resource_manager.h">
      <Filter>deps\include\MOMOS</Filter>
    </ClInclude>
    <ClInclude Include="deps\include\MOMOS\shader.h">
      <Filter>deps\include\MOMOS</Filter>
    </ClInclude>
    <ClInclude Include="deps\include\MOMOS\sprite.h">
      <Filter>deps\include\MOMOS</Filter>
    </ClInclude>
    <ClInclude Include="deps\include\MOMOS\sprite_renderer.h">
      <Filter>deps\include\MOMOS</Filter>
    </ClInclude>
    <ClInclude Include="deps\include\MOMOS\texture.h">
      <Filter>deps\include\MOMOS</Filter>
    </ClInclude>
    <ClInclude Include="deps\include\MOMOS\time.h">
      <Filter>deps\include\MOMOS</Filter>
    </ClInclude>
    <ClInclude Include="deps\include\MOMOS\window.h">
      <Filter>deps\include\MOMOS</Filter>
    </ClInclude>
    <ClInclude Include="deps\include\fontstash\fontstash.h">
      <Filter>deps\include\fontstash</Filter>
    </ClInclude>
    <ClInclude Include="deps\include\fontstash\glfontstash.h">
      <Filter>deps\include\fontstash</Filter>
    </ClInclude>
    <ClInclude Include="deps\include\fontstash\stb_truetype.h">
      <Filter>deps\include\fontstash</Filter>
    </ClInclude>
    <ClInclude Include="tests\AncientMythosTests.h">
      <Filter>tests</Filter>
    </ClInclude>
    <ClInclude Include="tests\PawnEcsTests.h">
      <Filter>tests</Filter>
    </ClInclude>
    <ClInclude Include="tests\RegistryTests.h">
      <Filter>tests</Filter>
    </ClInclude>
    <ClInclude Include="tests\TestFramework.h">
      <Filter>tests</Filter>
    </ClInclude>
  </ItemGroup>
  <ItemGroup>
    <ClCompile Include="src\FSM\PawnFSM.cc">
      <Filter>Source Files\FSM</Filter>
    </ClCompile>
    <ClCompile Include="src\Needs\Need.cc">
      <Filter>Source Files\Needs</Filter>
    </ClCompile>
    <ClCompile Include="src\Needs\NeedsConfig.cc">
      <Filter>Source Files\Needs</Filter>
    </ClCompile>
    <ClCompile Include="src\Needs\NeedsController.cc">
      <Filter>Source Files\Needs</Filter>
    </ClCompile>
    <ClCompile Include="src\PawnAI\PawnAI.cc">
      <Filter>Source Files\PawnAI</Filter>
    </ClCompile>
    <ClCompile Include="src\Providers\MapResourceProvider.cc">
      <Filter>Source Files\Providers</Filter>
    </ClCompile>
    <ClCompile Include="src\Providers\ProviderRegistry.cc">
      <Filter>Source Files\Providers</Filter>
    </ClCompile>
    <ClCompile Include="src\Providers\ResourceNeedMapping.cc">
      <Filter>Source Files\Providers</Filter>
    </ClCompile>
    <ClCompile Include="src\Providers\ResourceProviderRegistry.cc">
      <Filter>Source Files\Providers</Filter>
    </ClCompile>
    <ClCompile Include="src\game.cc">
      <Filter>src</Filter>
    </ClCompile>
    <ClCompile Include="src\GameStatus.cc">
      <Filter>src</Filter>
    </ClCompile>
    <ClCompile Include="src\main.cc">
      <Filter>src</Filter>
    </ClCompile>
    <ClCompile Include="src\SpritesheetLoader.cc">
      <Filter>src</Filter>
    </ClCompile>
    <ClCompile Include="src\Camera.cc">
      <Filter>src</Filter>
    </ClCompile>
    <ClCompile Include="src\Map\ResourceTypeManager.cc">
      <Filter>src\Map</Filter>
    </ClCompile>
    <ClCompile Include="src\Map\Map.cc">
      <Filter>src\Map</Filter>
    </ClCompile>
    <ClCompile Include="src\Map\MapCell.cc">
      <Filter>src\Map</Filter>
    </ClCompile>
    <ClCompile Include="src\Map\MapGenerator.cc">
      <Filter>src\Map</Filter>
    </ClCompile>
    <ClCompile Include="src\Map\MapRenderer.cc">
      <Filter>src\Map</Filter>
    </ClCompile>
    <ClCompile Include="src\Map\MapResourceType.cc">
      <Filter>src\Map</Filter>
    </ClCompile>
    <ClCompile Include="src\Map\MapResource.cc">
      <Filter>src\Map</Filter>
    </ClCompile>
    <ClCompile Include="src\Agents\Agent.cc">
      <Filter>src\Agents</Filter>
    </ClCompile>
    <ClCompile Include="src\Agents\Pathfinder.cc">
      <Filter>src\Agents</Filter>
    </ClCompile>
    <ClCompile Include="src\Pathfinding\astar.cc">
      <Filter>src\Pathfinding</Filter>
    </ClCompile>
    <ClCompile Include="src\Pathfinding\cost_map.cc">
      <Filter>src\Pathfinding</Filter>
    </ClCompile>
    <ClCompile Include="src\Pathfinding\path.cc">
      <Filter>src\Pathfinding</Filter>
    </ClCompile>
    <ClCompile Include="src\UI\FpsCounter.cc">
      <Filter>src\UI</Filter>
    </ClCompile>
    <ClCompile Include="src\UI\VSyncToggle.cc">
      <Filter>src\UI</Filter>
    </ClCompile>
    <ClCompile Include="src\UI\SimulationSpeedControls.cc">
      <Filter>src\UI</Filter>
    </ClCompile>
    <ClCompile Include="src\UI\InfoPanel.cc">
      <Filter>src\UI</Filter>
    </ClCompile>
    <ClCompile Include="src\ecs\PawnEcsManager.cc">
      <Filter>src\ecs</Filter>
    </ClCompile>
    <ClCompile Include="src\ecs\Registry.cc">
      <Filter>src\ecs</Filter>
    </ClCompile>
    <ClCompile Include="src\ecs\PawnEcs.cc">
      <Filter>src\ecs</Filter>
    </ClCompile>
    <ClCompile Include="src\ecs\PawnFactory.cc">
      <Filter>src\ecs</Filter>
    </ClCompile>
    <ClCompile Include="src\ecs\PawnSelection.cc">
      <Filter>src\ecs</Filter>
    </ClCompile>
    <ClCompile Include="src\ecs\PawnMovementUtils.cc">
      <Filter>src\ecs</Filter>
    </ClCompile>
    <ClCompile Include="src\ecs\PawnInput.cc">
      <Filter>src\ecs</Filter>
    </ClCompile>
    <ClCompile Include="src\ecs\PawnEcsSystems.cc">
      <Filter>src\ecs</Filter>
    </ClCompile>
    <ClCompile Include="src\ecs\system\PawnAISystem.cc">
      <Filter>src\ecs\system</Filter>
    </ClCompile>
    <ClCompile Include="src\ecs\system\PawnPathFollowSystem.cc">
      <Filter>src\ecs\system</Filter>
    </ClCompile>
    <ClCompile Include="src\ecs\system\PawnMovementSystem.cc">
      <Filter>src\ecs\system</Filter>
    </ClCompile>
    <ClCompile Include="src\ecs\system\PawnRenderSystem.cc">
      <Filter>src\ecs\system</Filter>
    </ClCompile>
    <ClCompile Include="src\ecs\system\PawnNeedsSystem.cc">
      <Filter>src\ecs\system</Filter>
    </ClCompile>
    <ClCompile Include="src\ecs\system\PawnNeedSatisfactionSystem.cc">
      <Filter>src\ecs\system</Filter>
    </ClCompile>
    <ClCompile Include="src\Needs\Need.cc">
      <Filter>src\Needs</Filter>
    </ClCompile>
    <ClCompile Include="src\Needs\NeedsConfig.cc">
      <Filter>src\Needs</Filter>
    </ClCompile>
    <ClCompile Include="src\Needs\NeedsController.cc">
      <Filter>src\Needs</Filter>
    </ClCompile>
    <ClCompile Include="src\Providers\MapResourceProvider.cc">
      <Filter>src\Providers</Filter>
    </ClCompile>
    <ClCompile Include="src\Providers\ProviderRegistry.cc">
      <Filter>src\Providers</Filter>
    </ClCompile>
    <ClCompile Include="src\Providers\ResourceNeedMapping.cc">
      <Filter>src\Providers</Filter>
    </ClCompile>
    <ClCompile Include="src\Providers\ResourceProviderRegistry.cc">
      <Filter>src\Providers</Filter>
    </ClCompile>
    <ClCompile Include="src\PawnAI\PawnAI.cc">
      <Filter>src\PawnAI</Filter>
    </ClCompile>
    <ClCompile Include="src\FSM\PawnFSM.cc">
      <Filter>src\FSM</Filter>
    </ClCompile>
    <ClCompile Include="tests\AncientMythosTests.cpp">
      <Filter>tests</Filter>
    </ClCompile>
    <ClCompile Include="tests\PawnEcsTests.cpp">
      <Filter>tests</Filter>
    </ClCompile>
    <ClCompile Include="tests\RegistryTests.cpp">
      <Filter>tests</Filter>
    </ClCompile>
  </ItemGroup>
  <ItemGroup>
    <None Include="task.md" />
    <None Include="data\resource_types.json">
      <Filter>data</Filter>
    </None>
  </ItemGroup>
</Project>