<?xml version="1.0" encoding="utf-8"?>
<Project ToolsVersion="4.0" xmlns="http://schemas.microsoft.com/developer/msbuild/2003">
  <ItemGroup>
    <Filter Include="Source Files">
      <UniqueIdentifier>{4FC737F1-C7A5-4376-A066-2A32D752A2FF}</UniqueIdentifier>
      <Extensions>cpp;c;cc;cxx;def;odl;idl;hpj;bat;asm;asmx</Extensions>
    </Filter>
    <Filter Include="Header Files">
      <UniqueIdentifier>{93995380-89BD-4b04-88EB-625FBE52EBFB}</UniqueIdentifier>
      <Extensions>h;hh;hpp;hxx;hm;inl;inc;xsd</Extensions>
    </Filter>
    <Filter Include="Resource Files">
      <UniqueIdentifier>{67DA6AB6-F800-4c08-8B7A-83BB121AAD01}</UniqueIdentifier>
      <Extensions>rc;ico;cur;bmp;dlg;rc2;rct;bin;rgs;gif;jpg;jpeg;jpe;resx;tiff;tif;png;wav;mfcribbon-ms</Extensions>
    </Filter>
    <Filter Include="Header Files\Agents">
      <UniqueIdentifier>{a987736c-5f92-4a7d-9028-5f77fa9bb517}</UniqueIdentifier>
    </Filter>
    <Filter Include="Header Files\Pathfinding">
      <UniqueIdentifier>{dc29e959-3062-449e-a005-e5b3855e6b43}</UniqueIdentifier>
    </Filter>
    <Filter Include="Source Files\Agents">
      <UniqueIdentifier>{019f969b-9960-445b-bd89-1ec699c50181}</UniqueIdentifier>
    </Filter>
    <Filter Include="Source Files\Pathfinding">
      <UniqueIdentifier>{fbbc41ff-33d3-420a-9fa0-00cff51345f2}</UniqueIdentifier>
    </Filter>
    <Filter Include="Header Files\deps">
      <UniqueIdentifier>{a972001f-dfae-4927-9f35-c60dbb95a85f}</UniqueIdentifier>
    </Filter>
    <Filter Include="Source Files\Managers">
      <UniqueIdentifier>{1d0730e5-4cad-4e0d-a5ce-26280e3d883a}</UniqueIdentifier>
    </Filter>
  </ItemGroup>
  <ItemGroup>
    <ClInclude Include="include\config.h">
      <Filter>Header Files</Filter>
    </ClInclude>
    <ClInclude Include="include\Crate.h">
      <Filter>Header Files</Filter>
    </ClInclude>
    <ClInclude Include="include\Door.h">
      <Filter>Header Files</Filter>
    </ClInclude>
    <ClInclude Include="include\GameStatus.h">
      <Filter>Header Files</Filter>
    </ClInclude>
    <ClInclude Include="include\PrisonMap.h">
      <Filter>Header Files</Filter>
    </ClInclude>
    <ClInclude Include="include\Agents\Agent.h">
      <Filter>Header Files\Agents</Filter>
    </ClInclude>
    <ClInclude Include="include\Pathfinding\astar.h">
      <Filter>Header Files\Pathfinding</Filter>
    </ClInclude>
    <ClInclude Include="deps\src\deps\chipmunk-7.0.1\include\chipmunk\chipmunk.h">
      <Filter>Header Files\deps</Filter>
    </ClInclude>
    <ClInclude Include="deps\src\deps\chipmunk-7.0.1\include\chipmunk\chipmunk_ffi.h">
      <Filter>Header Files\deps</Filter>
    </ClInclude>
    <ClInclude Include="deps\src\deps\chipmunk-7.0.1\include\chipmunk\chipmunk_private.h">
      <Filter>Header Files\deps</Filter>
    </ClInclude>
    <ClInclude Include="deps\src\deps\chipmunk-7.0.1\include\chipmunk\chipmunk_types.h">
      <Filter>Header Files\deps</Filter>
    </ClInclude>
    <ClInclude Include="deps\src\deps\chipmunk-7.0.1\include\chipmunk\chipmunk_unsafe.h">
      <Filter>Header Files\deps</Filter>
    </ClInclude>
    <ClInclude Include="deps\src\deps\glfw3_2_1\src\cocoa_joystick.h">
      <Filter>Header Files\deps</Filter>
    </ClInclude>
    <ClInclude Include="deps\src\deps\glfw3_2_1\src\cocoa_platform.h">
      <Filter>Header Files\deps</Filter>
    </ClInclude>
    <ClInclude Include="include\Pathfinding\cost_map.h">
      <Filter>Header Files\Pathfinding</Filter>
    </ClInclude>
    <ClInclude Include="include\Agents\Guard.h">
      <Filter>Header Files\Agents</Filter>
    </ClInclude>
    <ClInclude Include="include\Agents\Messager.h">
      <Filter>Header Files\Agents</Filter>
    </ClInclude>
    <ClInclude Include="include\Agents\Prisoner.h">
      <Filter>Header Files\Agents</Filter>
    </ClInclude>
    <ClInclude Include="include\Agents\Pathfinder.h">
      <Filter>Header Files\Agents</Filter>
    </ClInclude>
    <ClInclude Include="include\Agents\Soldier.h">
      <Filter>Header Files\Agents</Filter>
    </ClInclude>
    <ClInclude Include="include\Pathfinding\path.h">
      <Filter>Header Files\Pathfinding</Filter>
    </ClInclude>
    <ClInclude Include="deps\src\deps\chipmunk-7.0.1\include\chipmunk\cpArbiter.h">
      <Filter>Header Files\deps</Filter>
    </ClInclude>
    <ClInclude Include="deps\src\deps\chipmunk-7.0.1\include\chipmunk\cpBB.h">
      <Filter>Header Files\deps</Filter>
    </ClInclude>
    <ClInclude Include="deps\src\deps\chipmunk-7.0.1\include\chipmunk\cpBody.h">
      <Filter>Header Files\deps</Filter>
    </ClInclude>
    <ClInclude Include="deps\src\deps\chipmunk-7.0.1\include\chipmunk\cpConstraint.h">
      <Filter>Header Files\deps</Filter>
    </ClInclude>
    <ClInclude Include="deps\src\deps\chipmunk-7.0.1\include\chipmunk\cpDampedRotarySpring.h">
      <Filter>Header Files\deps</Filter>
    </ClInclude>
    <ClInclude Include="deps\src\deps\chipmunk-7.0.1\include\chipmunk\cpDampedSpring.h">
      <Filter>Header Files\deps</Filter>
    </ClInclude>
    <ClInclude Include="deps\src\deps\chipmunk-7.0.1\include\chipmunk\cpGearJoint.h">
      <Filter>Header Files\deps</Filter>
    </ClInclude>
    <ClInclude Include="deps\src\deps\chipmunk-7.0.1\include\chipmunk\cpGrooveJoint.h">
      <Filter>Header Files\deps</Filter>
    </ClInclude>
    <ClInclude Include="deps\src\deps\chipmunk-7.0.1\include\chipmunk\cpHastySpace.h">
      <Filter>Header Files\deps</Filter>
    </ClInclude>
    <ClInclude Include="deps\src\deps\chipmunk-7.0.1\include\chipmunk\cpMarch.h">
      <Filter>Header Files\deps</Filter>
    </ClInclude>
    <ClInclude Include="deps\src\deps\chipmunk-7.0.1\include\chipmunk\cpPinJoint.h">
      <Filter>Header Files\deps</Filter>
    </ClInclude>
    <ClInclude Include="deps\src\deps\chipmunk-7.0.1\include\chipmunk\cpPivotJoint.h">
      <Filter>Header Files\deps</Filter>
    </ClInclude>
    <ClInclude Include="deps\src\deps\chipmunk-7.0.1\include\chipmunk\cpPolyline.h">
      <Filter>Header Files\deps</Filter>
    </ClInclude>
    <ClInclude Include="deps\src\deps\chipmunk-7.0.1\include\chipmunk\cpPolyShape.h">
      <Filter>Header Files\deps</Filter>
    </ClInclude>
    <ClInclude Include="deps\src\deps\chipmunk-7.0.1\include\chipmunk\cpRatchetJoint.h">
      <Filter>Header Files\deps</Filter>
    </ClInclude>
    <ClInclude Include="deps\src\deps\chipmunk-7.0.1\include\chipmunk\cpRobust.h">
      <Filter>Header Files\deps</Filter>
    </ClInclude>
    <ClInclude Include="deps\src\deps\chipmunk-7.0.1\include\chipmunk\cpRotaryLimitJoint.h">
      <Filter>Header Files\deps</Filter>
    </ClInclude>
    <ClInclude Include="deps\src\deps\chipmunk-7.0.1\include\chipmunk\cpShape.h">
      <Filter>Header Files\deps</Filter>
    </ClInclude>
    <ClInclude Include="deps\src\deps\chipmunk-7.0.1\include\chipmunk\cpSimpleMotor.h">
      <Filter>Header Files\deps</Filter>
    </ClInclude>
    <ClInclude Include="deps\src\deps\chipmunk-7.0.1\include\chipmunk\cpSlideJoint.h">
      <Filter>Header Files\deps</Filter>
    </ClInclude>
    <ClInclude Include="deps\src\deps\chipmunk-7.0.1\include\chipmunk\cpSpace.h">
      <Filter>Header Files\deps</Filter>
    </ClInclude>
    <ClInclude Include="deps\src\deps\chipmunk-7.0.1\include\chipmunk\cpSpatialIndex.h">
      <Filter>Header Files\deps</Filter>
    </ClInclude>
    <ClInclude Include="deps\src\deps\chipmunk-7.0.1\include\chipmunk\cpTransform.h">
      <Filter>Header Files\deps</Filter>
    </ClInclude>
    <ClInclude Include="deps\src\deps\chipmunk-7.0.1\include\chipmunk\cpVect.h">
      <Filter>Header Files\deps</Filter>
    </ClInclude>
    <ClInclude Include="deps\include\MOMOS\draw.h">
      <Filter>Header Files\deps</Filter>
    </ClInclude>
    <ClInclude Include="deps\src\deps\glfw3_2_1\src\egl_context.h">
      <Filter>Header Files\deps</Filter>
    </ClInclude>
    <ClInclude Include="deps\src\deps\glew2_0_0\include\GL\eglew.h">
      <Filter>Header Files\deps</Filter>
    </ClInclude>
    <ClInclude Include="deps\include\fontstash\fontstash.h">
      <Filter>Header Files\deps</Filter>
    </ClInclude>
    <ClInclude Include="deps\src\deps\glew2_0_0\include\GL\glew.h">
      <Filter>Header Files\deps</Filter>
    </ClInclude>
    <ClInclude Include="deps\include\fontstash\glfontstash.h">
      <Filter>Header Files\deps</Filter>
    </ClInclude>
    <ClInclude Include="deps\src\deps\glfw3_2_1\include\GLFW\glfw3.h">
      <Filter>Header Files\deps</Filter>
    </ClInclude>
    <ClInclude Include="deps\src\deps\glfw3_2_1\include\GLFW\glfw3native.h">
      <Filter>Header Files\deps</Filter>
    </ClInclude>
    <ClInclude Include="deps\src\deps\glfw3_2_1\src\glx_context.h">
      <Filter>Header Files\deps</Filter>
    </ClInclude>
    <ClInclude Include="deps\src\deps\glew2_0_0\include\GL\glxew.h">
      <Filter>Header Files\deps</Filter>
    </ClInclude>
    <ClInclude Include="deps\src\deps\SOIL\src\image_DXT.h">
      <Filter>Header Files\deps</Filter>
    </ClInclude>
    <ClInclude Include="deps\src\deps\SOIL\src\image_helper.h">
      <Filter>Header Files\deps</Filter>
    </ClInclude>
    <ClInclude Include="deps\include\MOMOS\input.h">
      <Filter>Header Files\deps</Filter>
    </ClInclude>
    <ClInclude Include="deps\src\deps\glfw3_2_1\src\internal.h">
      <Filter>Header Files\deps</Filter>
    </ClInclude>
    <ClInclude Include="deps\src\deps\glfw3_2_1\src\linux_joystick.h">
      <Filter>Header Files\deps</Filter>
    </ClInclude>
    <ClInclude Include="deps\include\MOMOS\math.h">
      <Filter>Header Files\deps</Filter>
    </ClInclude>
    <ClInclude Include="deps\src\deps\glfw3_2_1\src\mir_platform.h">
      <Filter>Header Files\deps</Filter>
    </ClInclude>
    <ClInclude Include="deps\include\MOMOS\momos.h">
      <Filter>Header Files\deps</Filter>
    </ClInclude>
    <ClInclude Include="deps\src\deps\glfw3_2_1\src\nsgl_context.h">
      <Filter>Header Files\deps</Filter>
    </ClInclude>
    <ClInclude Include="deps\src\deps\glfw3_2_1\src\posix_time.h">
      <Filter>Header Files\deps</Filter>
    </ClInclude>
    <ClInclude Include="deps\src\deps\glfw3_2_1\src\posix_tls.h">
      <Filter>Header Files\deps</Filter>
    </ClInclude>
    <ClInclude Include="deps\src\deps\chipmunk-7.0.1\src\prime.h">
      <Filter>Header Files\deps</Filter>
    </ClInclude>
    <ClInclude Include="deps\include\ref_ptr.h">
      <Filter>Header Files\deps</Filter>
    </ClInclude>
    <ClInclude Include="deps\include\referenced.h">
      <Filter>Header Files\deps</Filter>
    </ClInclude>
    <ClInclude Include="deps\include\MOMOS\resource_manager.h">
      <Filter>Header Files\deps</Filter>
    </ClInclude>
    <ClInclude Include="deps\include\MOMOS\shader.h">
      <Filter>Header Files\deps</Filter>
    </ClInclude>
    <ClInclude Include="deps\src\deps\SOIL\src\SOIL.h">
      <Filter>Header Files\deps</Filter>
    </ClInclude>
    <ClInclude Include="deps\include\MOMOS\sprite.h">
      <Filter>Header Files\deps</Filter>
    </ClInclude>
    <ClInclude Include="deps\include\MOMOS\sprite_renderer.h">
      <Filter>Header Files\deps</Filter>
    </ClInclude>
    <ClInclude Include="deps\src\deps\sqlite3\sqlite3.h">
      <Filter>Header Files\deps</Filter>
    </ClInclude>
    <ClInclude Include="deps\src\deps\sqlite3\sqlite3ext.h">
      <Filter>Header Files\deps</Filter>
    </ClInclude>
    <ClInclude Include="deps\src\deps\SOIL\src\stb_image_aug.h">
      <Filter>Header Files\deps</Filter>
    </ClInclude>
    <ClInclude Include="deps\include\fontstash\stb_truetype.h">
      <Filter>Header Files\deps</Filter>
    </ClInclude>
    <ClInclude Include="deps\src\deps\SOIL\src\stbi_DDS_aug.h">
      <Filter>Header Files\deps</Filter>
    </ClInclude>
    <ClInclude Include="deps\src\deps\SOIL\src\stbi_DDS_aug_c.h">
      <Filter>Header Files\deps</Filter>
    </ClInclude>
    <ClInclude Include="deps\include\MOMOS\texture.h">
      <Filter>Header Files\deps</Filter>
    </ClInclude>
    <ClInclude Include="deps\include\MOMOS\time.h">
      <Filter>Header Files\deps</Filter>
    </ClInclude>
    <ClInclude Include="deps\include\types.h">
      <Filter>Header Files\deps</Filter>
    </ClInclude>
    <ClInclude Include="deps\src\deps\glfw3_2_1\src\wgl_context.h">
      <Filter>Header Files\deps</Filter>
    </ClInclude>
    <ClInclude Include="deps\src\deps\glew2_0_0\include\GL\wglew.h">
      <Filter>Header Files\deps</Filter>
    </ClInclude>
    <ClInclude Include="deps\src\deps\glfw3_2_1\src\win32_joystick.h">
      <Filter>Header Files\deps</Filter>
    </ClInclude>
    <ClInclude Include="deps\src\deps\glfw3_2_1\src\win32_platform.h">
      <Filter>Header Files\deps</Filter>
    </ClInclude>
    <ClInclude Include="deps\include\MOMOS\window.h">
      <Filter>Header Files\deps</Filter>
    </ClInclude>
    <ClInclude Include="deps\include\Window.h">
      <Filter>Header Files\deps</Filter>
    </ClInclude>
    <ClInclude Include="deps\src\deps\glfw3_2_1\src\wl_platform.h">
      <Filter>Header Files\deps</Filter>
    </ClInclude>
    <ClInclude Include="deps\src\deps\glfw3_2_1\src\x11_platform.h">
      <Filter>Header Files\deps</Filter>
    </ClInclude>
    <ClInclude Include="deps\src\deps\glfw3_2_1\src\xkb_unicode.h">
      <Filter>Header Files\deps</Filter>
    </ClInclude>
  </ItemGroup>
  <ItemGroup>
    <ClCompile Include="src\Door.cc">
      <Filter>Source Files</Filter>
    </ClCompile>
    <ClCompile Include="src\GameStatus.cc">
      <Filter>Source Files</Filter>
    </ClCompile>
    <ClCompile Include="src\main.cc">
      <Filter>Source Files</Filter>
    </ClCompile>
    <ClCompile Include="src\PrisonMap.cc">
      <Filter>Source Files</Filter>
    </ClCompile>
    <ClCompile Include="src\Agents\Agent.cc">
      <Filter>Source Files\Agents</Filter>
    </ClCompile>
    <ClCompile Include="src\Agents\Guard.cc">
      <Filter>Source Files\Agents</Filter>
    </ClCompile>
    <ClCompile Include="src\Agents\Messager.cc">
      <Filter>Source Files\Agents</Filter>
    </ClCompile>
    <ClCompile Include="src\Agents\Pathfinder.cc">
      <Filter>Source Files\Agents</Filter>
    </ClCompile>
    <ClCompile Include="src\Agents\Prisoner.cc">
      <Filter>Source Files\Agents</Filter>
    </ClCompile>
    <ClCompile Include="src\Agents\Soldier.cc">
      <Filter>Source Files\Agents</Filter>
    </ClCompile>
    <ClCompile Include="src\Pathfinding\astar.cc">
      <Filter>Source Files\Pathfinding</Filter>
    </ClCompile>
    <ClCompile Include="src\Pathfinding\cost_map.cc">
      <Filter>Source Files\Pathfinding</Filter>
    </ClCompile>
    <ClCompile Include="src\Pathfinding\path.cc">
      <Filter>Source Files\Pathfinding</Filter>
    </ClCompile>
  </ItemGroup>
</Project>